
Microsoft Visual Studio Solution File, Format Version 12.00
# Visual Studio Version 16
VisualStudioVersion = 16.0.32228.547
MinimumVisualStudioVersion = 10.0.40219.1
Project("{FAE04EC0-301F-11D3-BF4B-00C04F79EFBC}") = "AIVisualwfpnew", "AIVisualwfpnew.csproj", "{05583C6A-A121-46E6-BC50-4805ABC36651}"
EndProject
Global
	GlobalSection(SolutionConfigurationPlatforms) = preSolution
		Debug|Any CPU = Debug|Any CPU
		Release|Any CPU = Release|Any CPU
	EndGlobalSection
	GlobalSection(ProjectConfigurationPlatforms) = postSolution
		{05583C6A-A121-46E6-BC50-4805ABC36651}.Debug|Any CPU.ActiveCfg = Debug|Any CPU
		{05583C6A-A121-46E6-BC50-4805ABC36651}.Debug|Any CPU.Build.0 = Debug|Any CPU
		{05583C6A-A121-46E6-BC50-4805ABC36651}.Release|Any CPU.ActiveCfg = Release|Any CPU
		{05583C6A-A121-46E6-BC50-4805ABC36651}.Release|Any CPU.Build.0 = Release|Any CPU
	EndGlobalSection
	GlobalSection(SolutionProperties) = preSolution
		HideSolutionNode = FALSE
	EndGlobalSection
	GlobalSection(ExtensibilityGlobals) = postSolution
		SolutionGuid = {900EBEDA-66EC-430B-AB20-24650AFA1AA6}
	EndGlobalSection
EndGlobal
